// !$*UTF8*$!
{
	archiveVersion = 1;
	classes = {
	};
	objectVersion = 46;
	objects = {

/* Begin PBXBuildFile section */
		0207DA581B56EA530066E2B4 /* Images.xcassets in Resources */ = {isa = PBXBuildFile; fileRef = 0207DA571B56EA530066E2B4 /* Images.xcassets */; };
		0EE5CA6929BC499280B36E28 /* APPNotificationOptions.m in Sources */ = {isa = PBXBuildFile; fileRef = 1239E8080B8445ECB5BF25F2 /* APPNotificationOptions.m */; };
		1D3623260D0F684500981E51 /* AppDelegate.m in Sources */ = {isa = PBXBuildFile; fileRef = 1D3623250D0F684500981E51 /* AppDelegate.m */; };
		1D60589B0D05DD56006BFB54 /* main.m in Sources */ = {isa = PBXBuildFile; fileRef = 29B97316FDCFA39411CA2CEA /* main.m */; };
		1FF7684DE0064AFAA9A43E7B /* UserNotifications.framework in Frameworks */ = {isa = PBXBuildFile; fileRef = B263DFA3747A475EA80288FD /* UserNotifications.framework */; };
		2F1AEBE9B2044562B1680F9A /* CDVNotification.m in Sources */ = {isa = PBXBuildFile; fileRef = 254F7257E79B43FE8BB23943 /* CDVNotification.m */; };
		301BF552109A68D80062928A /* libCordova.a in Frameworks */ = {isa = PBXBuildFile; fileRef = 301BF535109A57CC0062928A /* libCordova.a */; settings = {ATTRIBUTES = (Required, ); }; };
		302D95F114D2391D003F00A1 /* MainViewController.m in Sources */ = {isa = PBXBuildFile; fileRef = 302D95EF14D2391D003F00A1 /* MainViewController.m */; };
		302D95F214D2391D003F00A1 /* MainViewController.xib in Resources */ = {isa = PBXBuildFile; fileRef = 302D95F014D2391D003F00A1 /* MainViewController.xib */; };
		311D44F7C99D449299221351 /* AudioToolbox.framework in Frameworks */ = {isa = PBXBuildFile; fileRef = 117606BF2E874127AA88CB98 /* AudioToolbox.framework */; settings = {ATTRIBUTES = (Weak, ); }; };
		3CFCD6285EEB4F29B7015FB3 /* CDVBattery.m in Sources */ = {isa = PBXBuildFile; fileRef = ABADCBB33F0D4225A7DB0511 /* CDVBattery.m */; };
		3D58580D8F844400802455CD /* CDVGlobalization.m in Sources */ = {isa = PBXBuildFile; fileRef = F6A20D4A4C6D44DF820871CC /* CDVGlobalization.m */; };
		493BAB74762F4E03A57F87EC /* UNUserNotificationCenter+APPLocalNotification.m in Sources */ = {isa = PBXBuildFile; fileRef = A4C614ECC1E04AA5B4A3F526 /* UNUserNotificationCenter+APPLocalNotification.m */; };
		4FEC63127EF8452385C64C4C /* SystemConfiguration.framework in Frameworks */ = {isa = PBXBuildFile; fileRef = 66B5C0FC09FD49789AC7BAB6 /* SystemConfiguration.framework */; settings = {ATTRIBUTES = (Weak, ); }; };
		532B8AEF488F4AE6BCD9A173 /* AVFoundation.framework in Frameworks */ = {isa = PBXBuildFile; fileRef = 594FAB3D3DA64462B6BC7861 /* AVFoundation.framework */; };
		5DBE2B8C9FB9438985B37C89 /* CDVCapture.bundle in Resources */ = {isa = PBXBuildFile; fileRef = CD9B5E7CB7CF4A93AFFDFA93 /* CDVCapture.bundle */; };
		5EDA6AA3CCFF4BB5B2905F90 /* CDVLocalFilesystem.m in Sources */ = {isa = PBXBuildFile; fileRef = FB3B96B5D3864DDF87DB4E6D /* CDVLocalFilesystem.m */; };
		5FF54F3F8836487E934E878F /* APPBadge.m in Sources */ = {isa = PBXBuildFile; fileRef = 550C66EF74E74AC4ACD02793 /* APPBadge.m */; };
		605A39D7683846AEBDDF9F22 /* APPNotificationContent.m in Sources */ = {isa = PBXBuildFile; fileRef = 0AC4EDCB471544D9B8198756 /* APPNotificationContent.m */; };
		6501A3820E354BAEA20CA1C4 /* CDVFile.m in Sources */ = {isa = PBXBuildFile; fileRef = B750B46C561A4A1CBBD33C25 /* CDVFile.m */; };
		6AFF5BF91D6E424B00AB3073 /* CDVLaunchScreen.storyboard in Resources */ = {isa = PBXBuildFile; fileRef = 6AFF5BF81D6E424B00AB3073 /* CDVLaunchScreen.storyboard */; };
		729CDBED26A3422E8D1E05C6 /* CDVDevice.m in Sources */ = {isa = PBXBuildFile; fileRef = A29687E0AAA146FDB1E08C7B /* CDVDevice.m */; };
		757F2C7857484DDCAD102FA6 /* CoreTelephony.framework in Frameworks */ = {isa = PBXBuildFile; fileRef = 3347E48DF3A2472CA19DB23D /* CoreTelephony.framework */; };
		7FCBD1AC0A5D46B993E96AAB /* CDVCapture.m in Sources */ = {isa = PBXBuildFile; fileRef = 19937E88F310435BB5AF6894 /* CDVCapture.m */; };
		8393D7DA76274563A005A7FC /* UNNotificationRequest+APPLocalNotification.m in Sources */ = {isa = PBXBuildFile; fileRef = C8EFBE9EAE7F4BEE85EB4319 /* UNNotificationRequest+APPLocalNotification.m */; };
		9F34309621644FBC98DC7BF0 /* APPLocalNotification.m in Sources */ = {isa = PBXBuildFile; fileRef = 96256B16EB4B49AEA910B6A0 /* APPLocalNotification.m */; };
		A369D97947ED42BE867795CC /* libz.tbd in Frameworks */ = {isa = PBXBuildFile; fileRef = 1272F193DA914E67A2B156D0 /* libz.tbd */; };
		A925F187EA61425B9DD4FB56 /* Calendar.m in Sources */ = {isa = PBXBuildFile; fileRef = 175D34FD5B9F40A289008BDC /* Calendar.m */; };
		A9FDC762186B4C03837CA735 /* UIImage+CropScaleOrientation.m in Sources */ = {isa = PBXBuildFile; fileRef = E09A4ECDBBC74C3D915EFA41 /* UIImage+CropScaleOrientation.m */; };
		B14A5BF47F5F4DEB8A076EAE /* CDVReachability.m in Sources */ = {isa = PBXBuildFile; fileRef = BA5AFFB09142410F87B500B2 /* CDVReachability.m */; };
		B44E89ACF90845F58524CC01 /* CDVStatusBar.m in Sources */ = {isa = PBXBuildFile; fileRef = 9A040A2A94A847098F09332F /* CDVStatusBar.m */; };
		BEF8B88F88764107B5BA734C /* ImageIO.framework in Frameworks */ = {isa = PBXBuildFile; fileRef = 6AB64FD03B974B59BEB5FDBB /* ImageIO.framework */; settings = {ATTRIBUTES = (Weak, ); }; };
		C92B8A6CFFD54D0FB022D4F9 /* CoreLocation.framework in Frameworks */ = {isa = PBXBuildFile; fileRef = 0072E295E04647AFABDCD0EE /* CoreLocation.framework */; };
		CCECA94E180143D6A60130C2 /* CDVAssetLibraryFilesystem.m in Sources */ = {isa = PBXBuildFile; fileRef = 0A253A285F27494C8A47D54C /* CDVAssetLibraryFilesystem.m */; };
		D6A3A14C1DD644319E5FFE43 /* CDVCamera.m in Sources */ = {isa = PBXBuildFile; fileRef = 7A9F5A0328384325A186E237 /* CDVCamera.m */; };
		E5A85AB7F0BD441EB72C118A /* CDVConnection.m in Sources */ = {isa = PBXBuildFile; fileRef = 270F5A9D3F984510B38BF387 /* CDVConnection.m */; };
		E89705C99ADD413786A95032 /* EventKit.framework in Frameworks */ = {isa = PBXBuildFile; fileRef = 159595AC48EA4C19A593ABB5 /* EventKit.framework */; };
		EAA4A6E3BD9F4B60A8269366 /* CDVJpegHeaderWriter.m in Sources */ = {isa = PBXBuildFile; fileRef = BD47CB777F114D069179AFFB /* CDVJpegHeaderWriter.m */; };
		EBE70B8E72BD4D2EA9867E7A /* CDVNotification.bundle in Resources */ = {isa = PBXBuildFile; fileRef = 19A08E6A12F94117924D8531 /* CDVNotification.bundle */; };
		F0AA2C9863C94F499D978F89 /* CDVInAppBrowser.m in Sources */ = {isa = PBXBuildFile; fileRef = 6F90662E11C64C4690B89367 /* CDVInAppBrowser.m */; };
		F39B79E94EBA4873ABE39F4E /* CDVVibration.m in Sources */ = {isa = PBXBuildFile; fileRef = 3BB081D728DA402382707C3E /* CDVVibration.m */; };
		FB500CAF5D27478EB17BD806 /* EventKitUI.framework in Frameworks */ = {isa = PBXBuildFile; fileRef = 8C21CEE5153C4B818DB3973A /* EventKitUI.framework */; };
/* End PBXBuildFile section */

/* Begin PBXContainerItemProxy section */
		301BF534109A57CC0062928A /* PBXContainerItemProxy */ = {
			isa = PBXContainerItemProxy;
			containerPortal = 301BF52D109A57CC0062928A /* CordovaLib.xcodeproj */;
			proxyType = 2;
			remoteGlobalIDString = D2AAC07E0554694100DB518D;
			remoteInfo = CordovaLib;
		};
		301BF550109A68C00062928A /* PBXContainerItemProxy */ = {
			isa = PBXContainerItemProxy;
			containerPortal = 301BF52D109A57CC0062928A /* CordovaLib.xcodeproj */;
			proxyType = 1;
			remoteGlobalIDString = D2AAC07D0554694100DB518D;
			remoteInfo = CordovaLib;
		};
		907D8123214C687600058A10 /* PBXContainerItemProxy */ = {
			isa = PBXContainerItemProxy;
			containerPortal = 301BF52D109A57CC0062928A /* CordovaLib.xcodeproj */;
			proxyType = 2;
			remoteGlobalIDString = C0C01EB21E3911D50056E6CB;
			remoteInfo = Cordova;
		};
/* End PBXContainerItemProxy section */

/* Begin PBXFileReference section */
		0072E295E04647AFABDCD0EE /* CoreLocation.framework */ = {isa = PBXFileReference; explicitFileType = undefined; fileEncoding = 9; includeInIndex = 0; lastKnownFileType = wrapper.framework; name = CoreLocation.framework; path = System/Library/Frameworks/CoreLocation.framework; sourceTree = SDKROOT; };
		010BD151548841AF8F8F1E58 /* CDVJpegHeaderWriter.h */ = {isa = PBXFileReference; explicitFileType = undefined; fileEncoding = 4; includeInIndex = 0; lastKnownFileType = sourcecode.c.h; name = CDVJpegHeaderWriter.h; path = "cordova-plugin-camera/CDVJpegHeaderWriter.h"; sourceTree = "<group>"; };
		0207DA571B56EA530066E2B4 /* Images.xcassets */ = {isa = PBXFileReference; lastKnownFileType = folder.assetcatalog; name = Images.xcassets; path = "¿Soy Zombie?/Images.xcassets"; sourceTree = SOURCE_ROOT; };
		023FB01537544F2589B5F4CC /* CDVStatusBar.h */ = {isa = PBXFileReference; explicitFileType = undefined; fileEncoding = 4; includeInIndex = 0; lastKnownFileType = sourcecode.c.h; name = CDVStatusBar.h; path = "cordova-plugin-statusbar/CDVStatusBar.h"; sourceTree = "<group>"; };
		0A253A285F27494C8A47D54C /* CDVAssetLibraryFilesystem.m */ = {isa = PBXFileReference; explicitFileType = undefined; fileEncoding = 4; includeInIndex = 0; lastKnownFileType = sourcecode.c.objc; name = CDVAssetLibraryFilesystem.m; path = "cordova-plugin-file/CDVAssetLibraryFilesystem.m"; sourceTree = "<group>"; };
		0AC4EDCB471544D9B8198756 /* APPNotificationContent.m */ = {isa = PBXFileReference; explicitFileType = undefined; fileEncoding = 4; includeInIndex = 0; lastKnownFileType = sourcecode.c.objc; name = APPNotificationContent.m; path = "cordova-plugin-local-notification/APPNotificationContent.m"; sourceTree = "<group>"; };
		117606BF2E874127AA88CB98 /* AudioToolbox.framework */ = {isa = PBXFileReference; explicitFileType = undefined; fileEncoding = 9; includeInIndex = 0; lastKnownFileType = wrapper.framework; name = AudioToolbox.framework; path = System/Library/Frameworks/AudioToolbox.framework; sourceTree = SDKROOT; };
		1239E8080B8445ECB5BF25F2 /* APPNotificationOptions.m */ = {isa = PBXFileReference; explicitFileType = undefined; fileEncoding = 4; includeInIndex = 0; lastKnownFileType = sourcecode.c.objc; name = APPNotificationOptions.m; path = "cordova-plugin-local-notification/APPNotificationOptions.m"; sourceTree = "<group>"; };
		1272F193DA914E67A2B156D0 /* libz.tbd */ = {isa = PBXFileReference; explicitFileType = undefined; fileEncoding = 9; includeInIndex = 0; lastKnownFileType = "sourcecode.text-based-dylib-definition"; name = libz.tbd; path = usr/lib/libz.tbd; sourceTree = SDKROOT; };
		14538A08BD19450FAD11E975 /* UIImage+CropScaleOrientation.h */ = {isa = PBXFileReference; explicitFileType = undefined; fileEncoding = 4; includeInIndex = 0; lastKnownFileType = sourcecode.c.h; name = "UIImage+CropScaleOrientation.h"; path = "cordova-plugin-camera/UIImage+CropScaleOrientation.h"; sourceTree = "<group>"; };
		159595AC48EA4C19A593ABB5 /* EventKit.framework */ = {isa = PBXFileReference; explicitFileType = undefined; fileEncoding = 9; includeInIndex = 0; lastKnownFileType = wrapper.framework; name = EventKit.framework; path = System/Library/Frameworks/EventKit.framework; sourceTree = SDKROOT; };
		175D34FD5B9F40A289008BDC /* Calendar.m */ = {isa = PBXFileReference; explicitFileType = undefined; fileEncoding = 4; includeInIndex = 0; lastKnownFileType = sourcecode.c.objc; name = Calendar.m; path = "cordova-plugin-calendar/Calendar.m"; sourceTree = "<group>"; };
		19937E88F310435BB5AF6894 /* CDVCapture.m */ = {isa = PBXFileReference; explicitFileType = undefined; fileEncoding = 4; includeInIndex = 0; lastKnownFileType = sourcecode.c.objc; name = CDVCapture.m; path = "cordova-plugin-media-capture/CDVCapture.m"; sourceTree = "<group>"; };
		19A08E6A12F94117924D8531 /* CDVNotification.bundle */ = {isa = PBXFileReference; explicitFileType = undefined; fileEncoding = 9; includeInIndex = 0; lastKnownFileType = "wrapper.plug-in"; path = CDVNotification.bundle; sourceTree = "<group>"; };
		1B7E7E4AE9424FFBB66C8BD1 /* CDVCamera.h */ = {isa = PBXFileReference; explicitFileType = undefined; fileEncoding = 4; includeInIndex = 0; lastKnownFileType = sourcecode.c.h; name = CDVCamera.h; path = "cordova-plugin-camera/CDVCamera.h"; sourceTree = "<group>"; };
		1D3623240D0F684500981E51 /* AppDelegate.h */ = {isa = PBXFileReference; fileEncoding = 4; lastKnownFileType = sourcecode.c.h; path = AppDelegate.h; sourceTree = "<group>"; };
		1D3623250D0F684500981E51 /* AppDelegate.m */ = {isa = PBXFileReference; fileEncoding = 4; lastKnownFileType = sourcecode.c.objc; path = AppDelegate.m; sourceTree = "<group>"; };
		1D6058910D05DD3D006BFB54 /* ¿Soy Zombie?.app */ = {isa = PBXFileReference; explicitFileType = wrapper.application; includeInIndex = 0; path = "¿Soy Zombie?.app"; sourceTree = BUILT_PRODUCTS_DIR; };
		254F7257E79B43FE8BB23943 /* CDVNotification.m */ = {isa = PBXFileReference; explicitFileType = undefined; fileEncoding = 4; includeInIndex = 0; lastKnownFileType = sourcecode.c.objc; name = CDVNotification.m; path = "cordova-plugin-dialogs/CDVNotification.m"; sourceTree = "<group>"; };
		270F5A9D3F984510B38BF387 /* CDVConnection.m */ = {isa = PBXFileReference; explicitFileType = undefined; fileEncoding = 4; includeInIndex = 0; lastKnownFileType = sourcecode.c.objc; name = CDVConnection.m; path = "cordova-plugin-network-information/CDVConnection.m"; sourceTree = "<group>"; };
		29B97316FDCFA39411CA2CEA /* main.m */ = {isa = PBXFileReference; fileEncoding = 4; lastKnownFileType = sourcecode.c.objc; path = main.m; sourceTree = "<group>"; };
		301BF52D109A57CC0062928A /* CordovaLib.xcodeproj */ = {isa = PBXFileReference; lastKnownFileType = "wrapper.pb-project"; name = CordovaLib.xcodeproj; path = CordovaLib/CordovaLib.xcodeproj; sourceTree = "<group>"; };
		301BF56E109A69640062928A /* www */ = {isa = PBXFileReference; lastKnownFileType = folder; path = www; sourceTree = SOURCE_ROOT; };
		302D95EE14D2391D003F00A1 /* MainViewController.h */ = {isa = PBXFileReference; fileEncoding = 4; lastKnownFileType = sourcecode.c.h; path = MainViewController.h; sourceTree = "<group>"; };
		302D95EF14D2391D003F00A1 /* MainViewController.m */ = {isa = PBXFileReference; fileEncoding = 4; lastKnownFileType = sourcecode.c.objc; path = MainViewController.m; sourceTree = "<group>"; };
		302D95F014D2391D003F00A1 /* MainViewController.xib */ = {isa = PBXFileReference; fileEncoding = 4; lastKnownFileType = file.xib; path = MainViewController.xib; sourceTree = "<group>"; };
		3047A50F1AB8059700498E2A /* build-debug.xcconfig */ = {isa = PBXFileReference; fileEncoding = 4; lastKnownFileType = text.xcconfig; name = "build-debug.xcconfig"; path = "cordova/build-debug.xcconfig"; sourceTree = SOURCE_ROOT; };
		3047A5101AB8059700498E2A /* build-release.xcconfig */ = {isa = PBXFileReference; fileEncoding = 4; lastKnownFileType = text.xcconfig; name = "build-release.xcconfig"; path = "cordova/build-release.xcconfig"; sourceTree = SOURCE_ROOT; };
		3047A5111AB8059700498E2A /* build.xcconfig */ = {isa = PBXFileReference; fileEncoding = 4; lastKnownFileType = text.xcconfig; name = build.xcconfig; path = cordova/build.xcconfig; sourceTree = SOURCE_ROOT; };
		32CA4F630368D1EE00C91783 /* ¿Soy Zombie?-Prefix.pch */ = {isa = PBXFileReference; fileEncoding = 4; lastKnownFileType = sourcecode.c.h; path = "¿Soy Zombie?-Prefix.pch"; sourceTree = "<group>"; };
		331B7C45F3A04F04AEA9586B /* CDVLocalFilesystem.h */ = {isa = PBXFileReference; explicitFileType = undefined; fileEncoding = 4; includeInIndex = 0; lastKnownFileType = sourcecode.c.h; name = CDVLocalFilesystem.h; path = "cordova-plugin-file/CDVLocalFilesystem.h"; sourceTree = "<group>"; };
		3347E48DF3A2472CA19DB23D /* CoreTelephony.framework */ = {isa = PBXFileReference; explicitFileType = undefined; fileEncoding = 9; includeInIndex = 0; lastKnownFileType = wrapper.framework; name = CoreTelephony.framework; path = System/Library/Frameworks/CoreTelephony.framework; sourceTree = SDKROOT; };
		33619442C80845578D16E5D8 /* UNNotificationRequest+APPLocalNotification.h */ = {isa = PBXFileReference; explicitFileType = undefined; fileEncoding = 4; includeInIndex = 0; lastKnownFileType = sourcecode.c.h; name = "UNNotificationRequest+APPLocalNotification.h"; path = "cordova-plugin-local-notification/UNNotificationRequest+APPLocalNotification.h"; sourceTree = "<group>"; };
		34382D6A40D94ED99F5C2A7B /* CDVAssetLibraryFilesystem.h */ = {isa = PBXFileReference; explicitFileType = undefined; fileEncoding = 4; includeInIndex = 0; lastKnownFileType = sourcecode.c.h; name = CDVAssetLibraryFilesystem.h; path = "cordova-plugin-file/CDVAssetLibraryFilesystem.h"; sourceTree = "<group>"; };
		3BB081D728DA402382707C3E /* CDVVibration.m */ = {isa = PBXFileReference; explicitFileType = undefined; fileEncoding = 4; includeInIndex = 0; lastKnownFileType = sourcecode.c.objc; name = CDVVibration.m; path = "cordova-plugin-vibration/CDVVibration.m"; sourceTree = "<group>"; };
		4170574321CA403EB753FE18 /* CDVGlobalization.h */ = {isa = PBXFileReference; explicitFileType = undefined; fileEncoding = 4; includeInIndex = 0; lastKnownFileType = sourcecode.c.h; name = CDVGlobalization.h; path = "cordova-plugin-globalization/CDVGlobalization.h"; sourceTree = "<group>"; };
		550C66EF74E74AC4ACD02793 /* APPBadge.m */ = {isa = PBXFileReference; explicitFileType = undefined; fileEncoding = 4; includeInIndex = 0; lastKnownFileType = sourcecode.c.objc; name = APPBadge.m; path = "cordova-plugin-badge/APPBadge.m"; sourceTree = "<group>"; };
		563DF7F67FD142FCA941C78F /* CDVBattery.h */ = {isa = PBXFileReference; explicitFileType = undefined; fileEncoding = 4; includeInIndex = 0; lastKnownFileType = sourcecode.c.h; name = CDVBattery.h; path = "cordova-plugin-battery-status/CDVBattery.h"; sourceTree = "<group>"; };
		594FAB3D3DA64462B6BC7861 /* AVFoundation.framework */ = {isa = PBXFileReference; explicitFileType = undefined; fileEncoding = 9; includeInIndex = 0; lastKnownFileType = wrapper.framework; name = AVFoundation.framework; path = System/Library/Frameworks/AVFoundation.framework; sourceTree = SDKROOT; };
		65F35B6C4DD849C298C0202D /* Calendar.h */ = {isa = PBXFileReference; explicitFileType = undefined; fileEncoding = 4; includeInIndex = 0; lastKnownFileType = sourcecode.c.h; name = Calendar.h; path = "cordova-plugin-calendar/Calendar.h"; sourceTree = "<group>"; };
		66B5C0FC09FD49789AC7BAB6 /* SystemConfiguration.framework */ = {isa = PBXFileReference; explicitFileType = undefined; fileEncoding = 9; includeInIndex = 0; lastKnownFileType = wrapper.framework; name = SystemConfiguration.framework; path = System/Library/Frameworks/SystemConfiguration.framework; sourceTree = SDKROOT; };
		6AB64FD03B974B59BEB5FDBB /* ImageIO.framework */ = {isa = PBXFileReference; explicitFileType = undefined; fileEncoding = 9; includeInIndex = 0; lastKnownFileType = wrapper.framework; name = ImageIO.framework; path = System/Library/Frameworks/ImageIO.framework; sourceTree = SDKROOT; };
		6AFF5BF81D6E424B00AB3073 /* CDVLaunchScreen.storyboard */ = {isa = PBXFileReference; fileEncoding = 4; lastKnownFileType = file.storyboard; name = CDVLaunchScreen.storyboard; path = "¿Soy Zombie?/CDVLaunchScreen.storyboard"; sourceTree = SOURCE_ROOT; };
		6BF6AC0E585F473AB21BBB6A /* CDVReachability.h */ = {isa = PBXFileReference; explicitFileType = undefined; fileEncoding = 4; includeInIndex = 0; lastKnownFileType = sourcecode.c.h; name = CDVReachability.h; path = "cordova-plugin-network-information/CDVReachability.h"; sourceTree = "<group>"; };
		6CCF733B0BCA44FDABA5FC5C /* CDVInAppBrowser.h */ = {isa = PBXFileReference; explicitFileType = undefined; fileEncoding = 4; includeInIndex = 0; lastKnownFileType = sourcecode.c.h; name = CDVInAppBrowser.h; path = "cordova-plugin-inappbrowser/CDVInAppBrowser.h"; sourceTree = "<group>"; };
		6F90662E11C64C4690B89367 /* CDVInAppBrowser.m */ = {isa = PBXFileReference; explicitFileType = undefined; fileEncoding = 4; includeInIndex = 0; lastKnownFileType = sourcecode.c.objc; name = CDVInAppBrowser.m; path = "cordova-plugin-inappbrowser/CDVInAppBrowser.m"; sourceTree = "<group>"; };
		7A9F5A0328384325A186E237 /* CDVCamera.m */ = {isa = PBXFileReference; explicitFileType = undefined; fileEncoding = 4; includeInIndex = 0; lastKnownFileType = sourcecode.c.objc; name = CDVCamera.m; path = "cordova-plugin-camera/CDVCamera.m"; sourceTree = "<group>"; };
		8C21CEE5153C4B818DB3973A /* EventKitUI.framework */ = {isa = PBXFileReference; explicitFileType = undefined; fileEncoding = 9; includeInIndex = 0; lastKnownFileType = wrapper.framework; name = EventKitUI.framework; path = System/Library/Frameworks/EventKitUI.framework; sourceTree = SDKROOT; };
		8D1107310486CEB800E47090 /* ¿Soy Zombie?-Info.plist */ = {isa = PBXFileReference; fileEncoding = 4; lastKnownFileType = text.plist.xml; name = "¿Soy Zombie?-Info.plist"; path = "¿Soy Zombie?/¿Soy Zombie?-Info.plist"; plistStructureDefinitionIdentifier = "com.apple.xcode.plist.structure-definition.iphone.info-plist"; sourceTree = SOURCE_ROOT; };
		96256B16EB4B49AEA910B6A0 /* APPLocalNotification.m */ = {isa = PBXFileReference; explicitFileType = undefined; fileEncoding = 4; includeInIndex = 0; lastKnownFileType = sourcecode.c.objc; name = APPLocalNotification.m; path = "cordova-plugin-local-notification/APPLocalNotification.m"; sourceTree = "<group>"; };
		9852AAF5AED249EDBC48ECDF /* APPNotificationContent.h */ = {isa = PBXFileReference; explicitFileType = undefined; fileEncoding = 4; includeInIndex = 0; lastKnownFileType = sourcecode.c.h; name = APPNotificationContent.h; path = "cordova-plugin-local-notification/APPNotificationContent.h"; sourceTree = "<group>"; };
		9A040A2A94A847098F09332F /* CDVStatusBar.m */ = {isa = PBXFileReference; explicitFileType = undefined; fileEncoding = 4; includeInIndex = 0; lastKnownFileType = sourcecode.c.objc; name = CDVStatusBar.m; path = "cordova-plugin-statusbar/CDVStatusBar.m"; sourceTree = "<group>"; };
		A29687E0AAA146FDB1E08C7B /* CDVDevice.m */ = {isa = PBXFileReference; explicitFileType = undefined; fileEncoding = 4; includeInIndex = 0; lastKnownFileType = sourcecode.c.objc; name = CDVDevice.m; path = "cordova-plugin-device/CDVDevice.m"; sourceTree = "<group>"; };
		A2CDE3A88F8641599B71CA53 /* APPLocalNotification.h */ = {isa = PBXFileReference; explicitFileType = undefined; fileEncoding = 4; includeInIndex = 0; lastKnownFileType = sourcecode.c.h; name = APPLocalNotification.h; path = "cordova-plugin-local-notification/APPLocalNotification.h"; sourceTree = "<group>"; };
		A3E65645FEDF404286D062C4 /* APPNotificationOptions.h */ = {isa = PBXFileReference; explicitFileType = undefined; fileEncoding = 4; includeInIndex = 0; lastKnownFileType = sourcecode.c.h; name = APPNotificationOptions.h; path = "cordova-plugin-local-notification/APPNotificationOptions.h"; sourceTree = "<group>"; };
		A4C614ECC1E04AA5B4A3F526 /* UNUserNotificationCenter+APPLocalNotification.m */ = {isa = PBXFileReference; explicitFileType = undefined; fileEncoding = 4; includeInIndex = 0; lastKnownFileType = sourcecode.c.objc; name = "UNUserNotificationCenter+APPLocalNotification.m"; path = "cordova-plugin-local-notification/UNUserNotificationCenter+APPLocalNotification.m"; sourceTree = "<group>"; };
		ABADCBB33F0D4225A7DB0511 /* CDVBattery.m */ = {isa = PBXFileReference; explicitFileType = undefined; fileEncoding = 4; includeInIndex = 0; lastKnownFileType = sourcecode.c.objc; name = CDVBattery.m; path = "cordova-plugin-battery-status/CDVBattery.m"; sourceTree = "<group>"; };
		B263DFA3747A475EA80288FD /* UserNotifications.framework */ = {isa = PBXFileReference; explicitFileType = undefined; fileEncoding = 9; includeInIndex = 0; lastKnownFileType = wrapper.framework; name = UserNotifications.framework; path = System/Library/Frameworks/UserNotifications.framework; sourceTree = SDKROOT; };
		B288884EA66142DCBD94DD44 /* UNUserNotificationCenter+APPLocalNotification.h */ = {isa = PBXFileReference; explicitFileType = undefined; fileEncoding = 4; includeInIndex = 0; lastKnownFileType = sourcecode.c.h; name = "UNUserNotificationCenter+APPLocalNotification.h"; path = "cordova-plugin-local-notification/UNUserNotificationCenter+APPLocalNotification.h"; sourceTree = "<group>"; };
		B750B46C561A4A1CBBD33C25 /* CDVFile.m */ = {isa = PBXFileReference; explicitFileType = undefined; fileEncoding = 4; includeInIndex = 0; lastKnownFileType = sourcecode.c.objc; name = CDVFile.m; path = "cordova-plugin-file/CDVFile.m"; sourceTree = "<group>"; };
		BA5AFFB09142410F87B500B2 /* CDVReachability.m */ = {isa = PBXFileReference; explicitFileType = undefined; fileEncoding = 4; includeInIndex = 0; lastKnownFileType = sourcecode.c.objc; name = CDVReachability.m; path = "cordova-plugin-network-information/CDVReachability.m"; sourceTree = "<group>"; };
		BB466748D18C44278BF918CA /* CDVExif.h */ = {isa = PBXFileReference; explicitFileType = undefined; fileEncoding = 4; includeInIndex = 0; lastKnownFileType = sourcecode.c.h; name = CDVExif.h; path = "cordova-plugin-camera/CDVExif.h"; sourceTree = "<group>"; };
		BD47CB777F114D069179AFFB /* CDVJpegHeaderWriter.m */ = {isa = PBXFileReference; explicitFileType = undefined; fileEncoding = 4; includeInIndex = 0; lastKnownFileType = sourcecode.c.objc; name = CDVJpegHeaderWriter.m; path = "cordova-plugin-camera/CDVJpegHeaderWriter.m"; sourceTree = "<group>"; };
		BDF8828A9D0D44BF80291BE6 /* CDVConnection.h */ = {isa = PBXFileReference; explicitFileType = undefined; fileEncoding = 4; includeInIndex = 0; lastKnownFileType = sourcecode.c.h; name = CDVConnection.h; path = "cordova-plugin-network-information/CDVConnection.h"; sourceTree = "<group>"; };
		C8EFBE9EAE7F4BEE85EB4319 /* UNNotificationRequest+APPLocalNotification.m */ = {isa = PBXFileReference; explicitFileType = undefined; fileEncoding = 4; includeInIndex = 0; lastKnownFileType = sourcecode.c.objc; name = "UNNotificationRequest+APPLocalNotification.m"; path = "cordova-plugin-local-notification/UNNotificationRequest+APPLocalNotification.m"; sourceTree = "<group>"; };
		CD9B5E7CB7CF4A93AFFDFA93 /* CDVCapture.bundle */ = {isa = PBXFileReference; explicitFileType = undefined; fileEncoding = 9; includeInIndex = 0; lastKnownFileType = "wrapper.plug-in"; path = CDVCapture.bundle; sourceTree = "<group>"; };
		D1F8C027E50B4D16815DE819 /* CDVVibration.h */ = {isa = PBXFileReference; explicitFileType = undefined; fileEncoding = 4; includeInIndex = 0; lastKnownFileType = sourcecode.c.h; name = CDVVibration.h; path = "cordova-plugin-vibration/CDVVibration.h"; sourceTree = "<group>"; };
		D6AD1459FD52434BAF23B8AE /* CDVNotification.h */ = {isa = PBXFileReference; explicitFileType = undefined; fileEncoding = 4; includeInIndex = 0; lastKnownFileType = sourcecode.c.h; name = CDVNotification.h; path = "cordova-plugin-dialogs/CDVNotification.h"; sourceTree = "<group>"; };
		D838ACF554EC4868849B90E9 /* CDVDevice.h */ = {isa = PBXFileReference; explicitFileType = undefined; fileEncoding = 4; includeInIndex = 0; lastKnownFileType = sourcecode.c.h; name = CDVDevice.h; path = "cordova-plugin-device/CDVDevice.h"; sourceTree = "<group>"; };
		DD2D18140952489CA812C089 /* APPBadge.h */ = {isa = PBXFileReference; explicitFileType = undefined; fileEncoding = 4; includeInIndex = 0; lastKnownFileType = sourcecode.c.h; name = APPBadge.h; path = "cordova-plugin-badge/APPBadge.h"; sourceTree = "<group>"; };
		E09A4ECDBBC74C3D915EFA41 /* UIImage+CropScaleOrientation.m */ = {isa = PBXFileReference; explicitFileType = undefined; fileEncoding = 4; includeInIndex = 0; lastKnownFileType = sourcecode.c.objc; name = "UIImage+CropScaleOrientation.m"; path = "cordova-plugin-camera/UIImage+CropScaleOrientation.m"; sourceTree = "<group>"; };
		E6CD1AE1A2564DC78FF2E4C8 /* CDVFile.h */ = {isa = PBXFileReference; explicitFileType = undefined; fileEncoding = 4; includeInIndex = 0; lastKnownFileType = sourcecode.c.h; name = CDVFile.h; path = "cordova-plugin-file/CDVFile.h"; sourceTree = "<group>"; };
		EB87FDF31871DA8E0020F90C /* www */ = {isa = PBXFileReference; lastKnownFileType = folder; name = www; path = ../../www; sourceTree = "<group>"; };
		EB87FDF41871DAF40020F90C /* config.xml */ = {isa = PBXFileReference; lastKnownFileType = text.xml; name = config.xml; path = ../../config.xml; sourceTree = "<group>"; };
		ED33DF2A687741AEAF9F8254 /* Bridging-Header.h */ = {isa = PBXFileReference; fileEncoding = 4; lastKnownFileType = sourcecode.c.h; path = "Bridging-Header.h"; sourceTree = "<group>"; };
		F6A20D4A4C6D44DF820871CC /* CDVGlobalization.m */ = {isa = PBXFileReference; explicitFileType = undefined; fileEncoding = 4; includeInIndex = 0; lastKnownFileType = sourcecode.c.objc; name = CDVGlobalization.m; path = "cordova-plugin-globalization/CDVGlobalization.m"; sourceTree = "<group>"; };
		F840E1F0165FE0F500CFE078 /* config.xml */ = {isa = PBXFileReference; lastKnownFileType = text.xml; name = config.xml; path = "¿Soy Zombie?/config.xml"; sourceTree = "<group>"; };
		FB3B96B5D3864DDF87DB4E6D /* CDVLocalFilesystem.m */ = {isa = PBXFileReference; explicitFileType = undefined; fileEncoding = 4; includeInIndex = 0; lastKnownFileType = sourcecode.c.objc; name = CDVLocalFilesystem.m; path = "cordova-plugin-file/CDVLocalFilesystem.m"; sourceTree = "<group>"; };
		FC24DD3829FE4885935A3DF6 /* CDVCapture.h */ = {isa = PBXFileReference; explicitFileType = undefined; fileEncoding = 4; includeInIndex = 0; lastKnownFileType = sourcecode.c.h; name = CDVCapture.h; path = "cordova-plugin-media-capture/CDVCapture.h"; sourceTree = "<group>"; };
/* End PBXFileReference section */

/* Begin PBXFrameworksBuildPhase section */
		1D60588F0D05DD3D006BFB54 /* Frameworks */ = {
			isa = PBXFrameworksBuildPhase;
			buildActionMask = 2147483647;
			files = (
				301BF552109A68D80062928A /* libCordova.a in Frameworks */,
				BEF8B88F88764107B5BA734C /* ImageIO.framework in Frameworks */,
				C92B8A6CFFD54D0FB022D4F9 /* CoreLocation.framework in Frameworks */,
				532B8AEF488F4AE6BCD9A173 /* AVFoundation.framework in Frameworks */,
				A369D97947ED42BE867795CC /* libz.tbd in Frameworks */,
				311D44F7C99D449299221351 /* AudioToolbox.framework in Frameworks */,
				4FEC63127EF8452385C64C4C /* SystemConfiguration.framework in Frameworks */,
				757F2C7857484DDCAD102FA6 /* CoreTelephony.framework in Frameworks */,
				E89705C99ADD413786A95032 /* EventKit.framework in Frameworks */,
				FB500CAF5D27478EB17BD806 /* EventKitUI.framework in Frameworks */,
				1FF7684DE0064AFAA9A43E7B /* UserNotifications.framework in Frameworks */,
			);
			runOnlyForDeploymentPostprocessing = 0;
		};
/* End PBXFrameworksBuildPhase section */

/* Begin PBXGroup section */
		080E96DDFE201D6D7F000001 /* Classes */ = {
			isa = PBXGroup;
			children = (
				302D95EE14D2391D003F00A1 /* MainViewController.h */,
				302D95EF14D2391D003F00A1 /* MainViewController.m */,
				302D95F014D2391D003F00A1 /* MainViewController.xib */,
				1D3623240D0F684500981E51 /* AppDelegate.h */,
				1D3623250D0F684500981E51 /* AppDelegate.m */,
			);
			name = Classes;
			path = "¿Soy Zombie?/Classes";
			sourceTree = SOURCE_ROOT;
		};
		19C28FACFE9D520D11CA2CBB /* Products */ = {
			isa = PBXGroup;
			children = (
				1D6058910D05DD3D006BFB54 /* ¿Soy Zombie?.app */,
			);
			name = Products;
			sourceTree = "<group>";
		};
		29B97314FDCFA39411CA2CEA /* CustomTemplate */ = {
			isa = PBXGroup;
			children = (
				EB87FDF41871DAF40020F90C /* config.xml */,
				EB87FDF31871DA8E0020F90C /* www */,
				EB87FDF11871DA420020F90C /* Staging */,
				301BF52D109A57CC0062928A /* CordovaLib.xcodeproj */,
				080E96DDFE201D6D7F000001 /* Classes */,
				307C750510C5A3420062BCA9 /* Plugins */,
				29B97315FDCFA39411CA2CEA /* Other Sources */,
				29B97317FDCFA39411CA2CEA /* Resources */,
				29B97323FDCFA39411CA2CEA /* Frameworks */,
				19C28FACFE9D520D11CA2CBB /* Products */,
			);
			name = CustomTemplate;
			sourceTree = "<group>";
		};
		29B97315FDCFA39411CA2CEA /* Other Sources */ = {
			isa = PBXGroup;
			children = (
				32CA4F630368D1EE00C91783 /* ¿Soy Zombie?-Prefix.pch */,
				29B97316FDCFA39411CA2CEA /* main.m */,
				ED33DF2A687741AEAF9F8254 /* Bridging-Header.h */,
			);
			name = "Other Sources";
			path = "¿Soy Zombie?";
			sourceTree = "<group>";
		};
		29B97317FDCFA39411CA2CEA /* Resources */ = {
			isa = PBXGroup;
			children = (
				0207DA571B56EA530066E2B4 /* Images.xcassets */,
				3047A50E1AB8057F00498E2A /* config */,
				8D1107310486CEB800E47090 /* ¿Soy Zombie?-Info.plist */,
				6AFF5BF81D6E424B00AB3073 /* CDVLaunchScreen.storyboard */,
				19A08E6A12F94117924D8531 /* CDVNotification.bundle */,
				CD9B5E7CB7CF4A93AFFDFA93 /* CDVCapture.bundle */,
			);
			name = Resources;
			path = "¿Soy Zombie?/Resources";
			sourceTree = "<group>";
		};
		29B97323FDCFA39411CA2CEA /* Frameworks */ = {
			isa = PBXGroup;
			children = (
				6AB64FD03B974B59BEB5FDBB /* ImageIO.framework */,
				0072E295E04647AFABDCD0EE /* CoreLocation.framework */,
				594FAB3D3DA64462B6BC7861 /* AVFoundation.framework */,
				1272F193DA914E67A2B156D0 /* libz.tbd */,
				117606BF2E874127AA88CB98 /* AudioToolbox.framework */,
				66B5C0FC09FD49789AC7BAB6 /* SystemConfiguration.framework */,
				3347E48DF3A2472CA19DB23D /* CoreTelephony.framework */,
				159595AC48EA4C19A593ABB5 /* EventKit.framework */,
				8C21CEE5153C4B818DB3973A /* EventKitUI.framework */,
				B263DFA3747A475EA80288FD /* UserNotifications.framework */,
			);
			name = Frameworks;
			sourceTree = "<group>";
		};
		301BF52E109A57CC0062928A /* Products */ = {
			isa = PBXGroup;
			children = (
				301BF535109A57CC0062928A /* libCordova.a */,
				907D8124214C687600058A10 /* Cordova.framework */,
			);
			name = Products;
			sourceTree = "<group>";
		};
		3047A50E1AB8057F00498E2A /* config */ = {
			isa = PBXGroup;
			children = (
				3047A50F1AB8059700498E2A /* build-debug.xcconfig */,
				3047A5101AB8059700498E2A /* build-release.xcconfig */,
				3047A5111AB8059700498E2A /* build.xcconfig */,
			);
			name = config;
			sourceTree = "<group>";
		};
		307C750510C5A3420062BCA9 /* Plugins */ = {
			isa = PBXGroup;
			children = (
				ABADCBB33F0D4225A7DB0511 /* CDVBattery.m */,
				563DF7F67FD142FCA941C78F /* CDVBattery.h */,
				E09A4ECDBBC74C3D915EFA41 /* UIImage+CropScaleOrientation.m */,
				7A9F5A0328384325A186E237 /* CDVCamera.m */,
				BD47CB777F114D069179AFFB /* CDVJpegHeaderWriter.m */,
				14538A08BD19450FAD11E975 /* UIImage+CropScaleOrientation.h */,
				1B7E7E4AE9424FFBB66C8BD1 /* CDVCamera.h */,
				010BD151548841AF8F8F1E58 /* CDVJpegHeaderWriter.h */,
				BB466748D18C44278BF918CA /* CDVExif.h */,
				A29687E0AAA146FDB1E08C7B /* CDVDevice.m */,
				D838ACF554EC4868849B90E9 /* CDVDevice.h */,
				254F7257E79B43FE8BB23943 /* CDVNotification.m */,
				D6AD1459FD52434BAF23B8AE /* CDVNotification.h */,
				B750B46C561A4A1CBBD33C25 /* CDVFile.m */,
				FB3B96B5D3864DDF87DB4E6D /* CDVLocalFilesystem.m */,
				0A253A285F27494C8A47D54C /* CDVAssetLibraryFilesystem.m */,
				E6CD1AE1A2564DC78FF2E4C8 /* CDVFile.h */,
				331B7C45F3A04F04AEA9586B /* CDVLocalFilesystem.h */,
				34382D6A40D94ED99F5C2A7B /* CDVAssetLibraryFilesystem.h */,
				F6A20D4A4C6D44DF820871CC /* CDVGlobalization.m */,
				4170574321CA403EB753FE18 /* CDVGlobalization.h */,
				6F90662E11C64C4690B89367 /* CDVInAppBrowser.m */,
				6CCF733B0BCA44FDABA5FC5C /* CDVInAppBrowser.h */,
				19937E88F310435BB5AF6894 /* CDVCapture.m */,
				FC24DD3829FE4885935A3DF6 /* CDVCapture.h */,
				270F5A9D3F984510B38BF387 /* CDVConnection.m */,
				BA5AFFB09142410F87B500B2 /* CDVReachability.m */,
				BDF8828A9D0D44BF80291BE6 /* CDVConnection.h */,
				6BF6AC0E585F473AB21BBB6A /* CDVReachability.h */,
				9A040A2A94A847098F09332F /* CDVStatusBar.m */,
				023FB01537544F2589B5F4CC /* CDVStatusBar.h */,
				3BB081D728DA402382707C3E /* CDVVibration.m */,
				D1F8C027E50B4D16815DE819 /* CDVVibration.h */,
				175D34FD5B9F40A289008BDC /* Calendar.m */,
				65F35B6C4DD849C298C0202D /* Calendar.h */,
				550C66EF74E74AC4ACD02793 /* APPBadge.m */,
				DD2D18140952489CA812C089 /* APPBadge.h */,
				96256B16EB4B49AEA910B6A0 /* APPLocalNotification.m */,
				0AC4EDCB471544D9B8198756 /* APPNotificationContent.m */,
				1239E8080B8445ECB5BF25F2 /* APPNotificationOptions.m */,
				A4C614ECC1E04AA5B4A3F526 /* UNUserNotificationCenter+APPLocalNotification.m */,
				C8EFBE9EAE7F4BEE85EB4319 /* UNNotificationRequest+APPLocalNotification.m */,
				A2CDE3A88F8641599B71CA53 /* APPLocalNotification.h */,
				9852AAF5AED249EDBC48ECDF /* APPNotificationContent.h */,
				A3E65645FEDF404286D062C4 /* APPNotificationOptions.h */,
				B288884EA66142DCBD94DD44 /* UNUserNotificationCenter+APPLocalNotification.h */,
				33619442C80845578D16E5D8 /* UNNotificationRequest+APPLocalNotification.h */,
			);
			name = Plugins;
			path = "¿Soy Zombie?/Plugins";
			sourceTree = SOURCE_ROOT;
		};
		EB87FDF11871DA420020F90C /* Staging */ = {
			isa = PBXGroup;
			children = (
				F840E1F0165FE0F500CFE078 /* config.xml */,
				301BF56E109A69640062928A /* www */,
			);
			name = Staging;
			sourceTree = "<group>";
		};
/* End PBXGroup section */

/* Begin PBXNativeTarget section */
		1D6058900D05DD3D006BFB54 /* ¿Soy Zombie? */ = {
			isa = PBXNativeTarget;
			buildConfigurationList = 1D6058960D05DD3E006BFB54 /* Build configuration list for PBXNativeTarget "¿Soy Zombie?" */;
			buildPhases = (
				304B58A110DAC018002A0835 /* Copy www directory */,
				1D60588D0D05DD3D006BFB54 /* Resources */,
				1D60588E0D05DD3D006BFB54 /* Sources */,
				1D60588F0D05DD3D006BFB54 /* Frameworks */,
			);
			buildRules = (
			);
			dependencies = (
				301BF551109A68C00062928A /* PBXTargetDependency */,
			);
			name = "¿Soy Zombie?";
			productName = "¿Soy Zombie?";
			productReference = 1D6058910D05DD3D006BFB54 /* ¿Soy Zombie?.app */;
			productType = "com.apple.product-type.application";
		};
/* End PBXNativeTarget section */

/* Begin PBXProject section */
		29B97313FDCFA39411CA2CEA /* Project object */ = {
			isa = PBXProject;
			attributes = {
				LastUpgradeCheck = 510;
				TargetAttributes = {
					1D6058900D05DD3D006BFB54 = {
						DevelopmentTeam = 3XLP43KTWS;
						ProvisioningStyle = Automatic;
					};
				};
			};
			buildConfigurationList = C01FCF4E08A954540054247B /* Build configuration list for PBXProject "¿Soy Zombie?" */;
			compatibilityVersion = "Xcode 3.2";
			developmentRegion = English;
			hasScannedForEncodings = 1;
			knownRegions = (
				English,
				en,
				Base,
			);
			mainGroup = 29B97314FDCFA39411CA2CEA /* CustomTemplate */;
			projectDirPath = "";
			projectReferences = (
				{
					ProductGroup = 301BF52E109A57CC0062928A /* Products */;
					ProjectRef = 301BF52D109A57CC0062928A /* CordovaLib.xcodeproj */;
				},
			);
			projectRoot = "";
			targets = (
				1D6058900D05DD3D006BFB54 /* ¿Soy Zombie? */,
			);
		};
/* End PBXProject section */

/* Begin PBXReferenceProxy section */
		301BF535109A57CC0062928A /* libCordova.a */ = {
			isa = PBXReferenceProxy;
			fileType = archive.ar;
			path = libCordova.a;
			remoteRef = 301BF534109A57CC0062928A /* PBXContainerItemProxy */;
			sourceTree = BUILT_PRODUCTS_DIR;
		};
		907D8124214C687600058A10 /* Cordova.framework */ = {
			isa = PBXReferenceProxy;
			fileType = wrapper.framework;
			path = Cordova.framework;
			remoteRef = 907D8123214C687600058A10 /* PBXContainerItemProxy */;
			sourceTree = BUILT_PRODUCTS_DIR;
		};
/* End PBXReferenceProxy section */

/* Begin PBXResourcesBuildPhase section */
		1D60588D0D05DD3D006BFB54 /* Resources */ = {
			isa = PBXResourcesBuildPhase;
			buildActionMask = 2147483647;
			files = (
				302D95F214D2391D003F00A1 /* MainViewController.xib in Resources */,
				0207DA581B56EA530066E2B4 /* Images.xcassets in Resources */,
				6AFF5BF91D6E424B00AB3073 /* CDVLaunchScreen.storyboard in Resources */,
				EBE70B8E72BD4D2EA9867E7A /* CDVNotification.bundle in Resources */,
				5DBE2B8C9FB9438985B37C89 /* CDVCapture.bundle in Resources */,
			);
			runOnlyForDeploymentPostprocessing = 0;
		};
/* End PBXResourcesBuildPhase section */

/* Begin PBXShellScriptBuildPhase section */
		304B58A110DAC018002A0835 /* Copy www directory */ = {
			isa = PBXShellScriptBuildPhase;
			buildActionMask = 2147483647;
			files = (
			);
			inputPaths = (
			);
			name = "Copy www directory";
			outputPaths = (
			);
			runOnlyForDeploymentPostprocessing = 0;
			shellPath = /bin/sh;
			shellScript = "\"$SRCROOT/¿Soy Zombie?/Scripts/copy-www-build-step.sh\"";
			showEnvVarsInLog = 0;
		};
/* End PBXShellScriptBuildPhase section */

/* Begin PBXSourcesBuildPhase section */
		1D60588E0D05DD3D006BFB54 /* Sources */ = {
			isa = PBXSourcesBuildPhase;
			buildActionMask = 2147483647;
			files = (
				1D60589B0D05DD56006BFB54 /* main.m in Sources */,
				1D3623260D0F684500981E51 /* AppDelegate.m in Sources */,
				302D95F114D2391D003F00A1 /* MainViewController.m in Sources */,
				3CFCD6285EEB4F29B7015FB3 /* CDVBattery.m in Sources */,
				A9FDC762186B4C03837CA735 /* UIImage+CropScaleOrientation.m in Sources */,
				D6A3A14C1DD644319E5FFE43 /* CDVCamera.m in Sources */,
				EAA4A6E3BD9F4B60A8269366 /* CDVJpegHeaderWriter.m in Sources */,
				729CDBED26A3422E8D1E05C6 /* CDVDevice.m in Sources */,
				2F1AEBE9B2044562B1680F9A /* CDVNotification.m in Sources */,
				6501A3820E354BAEA20CA1C4 /* CDVFile.m in Sources */,
				5EDA6AA3CCFF4BB5B2905F90 /* CDVLocalFilesystem.m in Sources */,
				CCECA94E180143D6A60130C2 /* CDVAssetLibraryFilesystem.m in Sources */,
				3D58580D8F844400802455CD /* CDVGlobalization.m in Sources */,
				F0AA2C9863C94F499D978F89 /* CDVInAppBrowser.m in Sources */,
				7FCBD1AC0A5D46B993E96AAB /* CDVCapture.m in Sources */,
				E5A85AB7F0BD441EB72C118A /* CDVConnection.m in Sources */,
				B14A5BF47F5F4DEB8A076EAE /* CDVReachability.m in Sources */,
				B44E89ACF90845F58524CC01 /* CDVStatusBar.m in Sources */,
				F39B79E94EBA4873ABE39F4E /* CDVVibration.m in Sources */,
				A925F187EA61425B9DD4FB56 /* Calendar.m in Sources */,
				5FF54F3F8836487E934E878F /* APPBadge.m in Sources */,
				9F34309621644FBC98DC7BF0 /* APPLocalNotification.m in Sources */,
				605A39D7683846AEBDDF9F22 /* APPNotificationContent.m in Sources */,
				0EE5CA6929BC499280B36E28 /* APPNotificationOptions.m in Sources */,
				493BAB74762F4E03A57F87EC /* UNUserNotificationCenter+APPLocalNotification.m in Sources */,
				8393D7DA76274563A005A7FC /* UNNotificationRequest+APPLocalNotification.m in Sources */,
			);
			runOnlyForDeploymentPostprocessing = 0;
		};
/* End PBXSourcesBuildPhase section */

/* Begin PBXTargetDependency section */
		301BF551109A68C00062928A /* PBXTargetDependency */ = {
			isa = PBXTargetDependency;
			name = CordovaLib;
			targetProxy = 301BF550109A68C00062928A /* PBXContainerItemProxy */;
		};
/* End PBXTargetDependency section */

/* Begin XCBuildConfiguration section */
		1D6058940D05DD3E006BFB54 /* Debug */ = {
			isa = XCBuildConfiguration;
			baseConfigurationReference = 3047A50F1AB8059700498E2A /* build-debug.xcconfig */;
			buildSettings = {
				ALWAYS_SEARCH_USER_PATHS = NO;
				ASSETCATALOG_COMPILER_APPICON_NAME = AppIcon;
				ASSETCATALOG_COMPILER_LAUNCHIMAGE_NAME = LaunchImage;
				CLANG_ENABLE_MODULES = YES;
				CLANG_ENABLE_OBJC_ARC = YES;
				CODE_SIGN_IDENTITY = "Apple Development";
				CODE_SIGN_STYLE = Automatic;
				COPY_PHASE_STRIP = NO;
				CURRENT_PROJECT_VERSION = 3.0.2;
				DEVELOPMENT_TEAM = 3XLP43KTWS;
				GCC_DYNAMIC_NO_PIC = NO;
				GCC_OPTIMIZATION_LEVEL = 0;
				GCC_PRECOMPILE_PREFIX_HEADER = YES;
				GCC_PREFIX_HEADER = "¿Soy Zombie?/¿Soy Zombie?-Prefix.pch";
				GCC_THUMB_SUPPORT = NO;
				GCC_VERSION = "";
				INFOPLIST_FILE = "¿Soy Zombie?/¿Soy Zombie?-Info.plist";
				IPHONEOS_DEPLOYMENT_TARGET = 10.0;
				LD_RUNPATH_SEARCH_PATHS = "@executable_path/Frameworks";
				MARKETING_VERSION = 3.0.2;
				PRODUCT_BUNDLE_IDENTIFIER = com.graphicsandcode.zombie;
				PRODUCT_NAME = "$(TARGET_NAME)";
				PROVISIONING_PROFILE_SPECIFIER = "";
				TARGETED_DEVICE_FAMILY = "1,2";
			};
			name = Debug;
		};
		1D6058950D05DD3E006BFB54 /* Release */ = {
			isa = XCBuildConfiguration;
			baseConfigurationReference = 3047A5101AB8059700498E2A /* build-release.xcconfig */;
			buildSettings = {
				ALWAYS_SEARCH_USER_PATHS = NO;
				ASSETCATALOG_COMPILER_APPICON_NAME = AppIcon;
				ASSETCATALOG_COMPILER_LAUNCHIMAGE_NAME = LaunchImage;
				CLANG_ENABLE_MODULES = YES;
				CLANG_ENABLE_OBJC_ARC = YES;
				CODE_SIGN_IDENTITY = "Apple Development";
				CODE_SIGN_STYLE = Automatic;
				COPY_PHASE_STRIP = YES;
				CURRENT_PROJECT_VERSION = 3.0.2;
				DEVELOPMENT_TEAM = 3XLP43KTWS;
				GCC_PRECOMPILE_PREFIX_HEADER = YES;
				GCC_PREFIX_HEADER = "¿Soy Zombie?/¿Soy Zombie?-Prefix.pch";
				GCC_THUMB_SUPPORT = NO;
				GCC_VERSION = "";
				INFOPLIST_FILE = "¿Soy Zombie?/¿Soy Zombie?-Info.plist";
				IPHONEOS_DEPLOYMENT_TARGET = 10.0;
				LD_RUNPATH_SEARCH_PATHS = "@executable_path/Frameworks";
				MARKETING_VERSION = 3.0.2;
				PRODUCT_BUNDLE_IDENTIFIER = com.graphicsandcode.zombie;
				PRODUCT_NAME = "$(TARGET_NAME)";
				PROVISIONING_PROFILE_SPECIFIER = "";
				TARGETED_DEVICE_FAMILY = "1,2";
			};
			name = Release;
		};
		C01FCF4F08A954540054247B /* Debug */ = {
			isa = XCBuildConfiguration;
			baseConfigurationReference = 3047A5111AB8059700498E2A /* build.xcconfig */;
			buildSettings = {
				ASSETCATALOG_COMPILER_LAUNCHIMAGE_NAME = LaunchImage;
				CLANG_ENABLE_MODULES = YES;
				CLANG_ENABLE_OBJC_ARC = YES;
				CLANG_WARN_BLOCK_CAPTURE_AUTORELEASING = YES;
				CLANG_WARN_BOOL_CONVERSION = YES;
				CLANG_WARN_COMMA = YES;
				CLANG_WARN_CONSTANT_CONVERSION = YES;
				CLANG_WARN_DEPRECATED_OBJC_IMPLEMENTATIONS = YES;
				CLANG_WARN_EMPTY_BODY = YES;
				CLANG_WARN_ENUM_CONVERSION = YES;
				CLANG_WARN_INFINITE_RECURSION = YES;
				CLANG_WARN_INT_CONVERSION = YES;
				CLANG_WARN_NON_LITERAL_NULL_CONVERSION = YES;
				CLANG_WARN_OBJC_IMPLICIT_RETAIN_SELF = YES;
				CLANG_WARN_OBJC_LITERAL_CONVERSION = YES;
				CLANG_WARN_RANGE_LOOP_ANALYSIS = YES;
				CLANG_WARN_STRICT_PROTOTYPES = YES;
				CLANG_WARN_SUSPICIOUS_MOVE = YES;
				CLANG_WARN_UNREACHABLE_CODE = YES;
				CLANG_WARN__DUPLICATE_METHOD_MATCH = YES;
				ENABLE_STRICT_OBJC_MSGSEND = YES;
				ENABLE_TESTABILITY = YES;
				GCC_C_LANGUAGE_STANDARD = c99;
				GCC_NO_COMMON_BLOCKS = YES;
				GCC_THUMB_SUPPORT = NO;
				GCC_VERSION = "";
				GCC_WARN_64_TO_32_BIT_CONVERSION = YES;
				GCC_WARN_ABOUT_RETURN_TYPE = YES;
				GCC_WARN_UNDECLARED_SELECTOR = YES;
				GCC_WARN_UNINITIALIZED_AUTOS = YES;
				GCC_WARN_UNUSED_FUNCTION = YES;
				GCC_WARN_UNUSED_VARIABLE = YES;
				ONLY_ACTIVE_ARCH = YES;
				PRODUCT_BUNDLE_IDENTIFIER = com.graphicsandcode.zombie;
				SDKROOT = iphoneos;
				SKIP_INSTALL = NO;
				WK_WEB_VIEW_ONLY = 0;
			};
			name = Debug;
		};
		C01FCF5008A954540054247B /* Release */ = {
			isa = XCBuildConfiguration;
			baseConfigurationReference = 3047A5111AB8059700498E2A /* build.xcconfig */;
			buildSettings = {
				ASSETCATALOG_COMPILER_LAUNCHIMAGE_NAME = LaunchImage;
				CLANG_ENABLE_MODULES = YES;
				CLANG_ENABLE_OBJC_ARC = YES;
				CLANG_WARN_BLOCK_CAPTURE_AUTORELEASING = YES;
				CLANG_WARN_BOOL_CONVERSION = YES;
				CLANG_WARN_COMMA = YES;
				CLANG_WARN_CONSTANT_CONVERSION = YES;
				CLANG_WARN_DEPRECATED_OBJC_IMPLEMENTATIONS = YES;
				CLANG_WARN_EMPTY_BODY = YES;
				CLANG_WARN_ENUM_CONVERSION = YES;
				CLANG_WARN_INFINITE_RECURSION = YES;
				CLANG_WARN_INT_CONVERSION = YES;
				CLANG_WARN_NON_LITERAL_NULL_CONVERSION = YES;
				CLANG_WARN_OBJC_IMPLICIT_RETAIN_SELF = YES;
				CLANG_WARN_OBJC_LITERAL_CONVERSION = YES;
				CLANG_WARN_RANGE_LOOP_ANALYSIS = YES;
				CLANG_WARN_STRICT_PROTOTYPES = YES;
				CLANG_WARN_SUSPICIOUS_MOVE = YES;
				CLANG_WARN_UNREACHABLE_CODE = YES;
				CLANG_WARN__DUPLICATE_METHOD_MATCH = YES;
				ENABLE_STRICT_OBJC_MSGSEND = YES;
				GCC_C_LANGUAGE_STANDARD = c99;
				GCC_NO_COMMON_BLOCKS = YES;
				GCC_THUMB_SUPPORT = NO;
				GCC_VERSION = "";
				GCC_WARN_64_TO_32_BIT_CONVERSION = YES;
				GCC_WARN_ABOUT_RETURN_TYPE = YES;
				GCC_WARN_UNDECLARED_SELECTOR = YES;
				GCC_WARN_UNINITIALIZED_AUTOS = YES;
				GCC_WARN_UNUSED_FUNCTION = YES;
				GCC_WARN_UNUSED_VARIABLE = YES;
				PRODUCT_BUNDLE_IDENTIFIER = com.graphicsandcode.zombie;
				SDKROOT = iphoneos;
				SKIP_INSTALL = NO;
				WK_WEB_VIEW_ONLY = 0;
			};
			name = Release;
		};
/* End XCBuildConfiguration section */

/* Begin XCConfigurationList section */
		1D6058960D05DD3E006BFB54 /* Build configuration list for PBXNativeTarget "¿Soy Zombie?" */ = {
			isa = XCConfigurationList;
			buildConfigurations = (
				1D6058940D05DD3E006BFB54 /* Debug */,
				1D6058950D05DD3E006BFB54 /* Release */,
			);
			defaultConfigurationIsVisible = 0;
			defaultConfigurationName = Release;
		};
		C01FCF4E08A954540054247B /* Build configuration list for PBXProject "¿Soy Zombie?" */ = {
			isa = XCConfigurationList;
			buildConfigurations = (
				C01FCF4F08A954540054247B /* Debug */,
				C01FCF5008A954540054247B /* Release */,
			);
			defaultConfigurationIsVisible = 0;
			defaultConfigurationName = Release;
		};
/* End XCConfigurationList section */
	};
	rootObject = 29B97313FDCFA39411CA2CEA /* Project object */;
}
